
Microsoft Visual Studio Solution File, Format Version 12.00
# Visual Studio Version 16
VisualStudioVersion = 16.0.29806.167
MinimumVisualStudioVersion = 10.0.40219.1
Project("{9A19103F-16F7-4668-BE54-9A1E7A4F7556}") = "AccountOwnerServer", "AccountOwnerServer.csproj", "{A77F9F5F-0012-401D-8797-0C6D75820C97}"
EndProject
Project("{9A19103F-16F7-4668-BE54-9A1E7A4F7556}") = "Contracts", "..\Contracts\Contracts.csproj", "{845069FD-2392-4DC7-82FF-B0FD155505FA}"
EndProject
Project("{9A19103F-16F7-4668-BE54-9A1E7A4F7556}") = "LoggerService", "..\LoggerService\LoggerService.csproj", "{3F88BC5C-57A8-49AF-BB76-618380B744EB}"
EndProject
Project("{FAE04EC0-301F-11D3-BF4B-00C04F79EFBC}") = "Entities", "..\Entities\Entities.csproj", "{6A939058-477F-47F4-BC67-42A3BA22111C}"
EndProject
Project("{FAE04EC0-301F-11D3-BF4B-00C04F79EFBC}") = "Repository", "..\Repository\Repository.csproj", "{D79919F6-A480-43D9-81A5-F4D28E991754}"
EndProject
Global
	GlobalSection(SolutionConfigurationPlatforms) = preSolution
		Debug|Any CPU = Debug|Any CPU
		Release|Any CPU = Release|Any CPU
	EndGlobalSection
	GlobalSection(ProjectConfigurationPlatforms) = postSolution
		{A77F9F5F-0012-401D-8797-0C6D75820C97}.Debug|Any CPU.ActiveCfg = Debug|Any CPU
		{A77F9F5F-0012-401D-8797-0C6D75820C97}.Debug|Any CPU.Build.0 = Debug|Any CPU
		{A77F9F5F-0012-401D-8797-0C6D75820C97}.Release|Any CPU.ActiveCfg = Release|Any CPU
		{A77F9F5F-0012-401D-8797-0C6D75820C97}.Release|Any CPU.Build.0 = Release|Any CPU
		{845069FD-2392-4DC7-82FF-B0FD155505FA}.Debug|Any CPU.ActiveCfg = Debug|Any CPU
		{845069FD-2392-4DC7-82FF-B0FD155505FA}.Debug|Any CPU.Build.0 = Debug|Any CPU
		{845069FD-2392-4DC7-82FF-B0FD155505FA}.Release|Any CPU.ActiveCfg = Release|Any CPU
		{845069FD-2392-4DC7-82FF-B0FD155505FA}.Release|Any CPU.Build.0 = Release|Any CPU
		{3F88BC5C-57A8-49AF-BB76-618380B744EB}.Debug|Any CPU.ActiveCfg = Debug|Any CPU
		{3F88BC5C-57A8-49AF-BB76-618380B744EB}.Debug|Any CPU.Build.0 = Debug|Any CPU
		{3F88BC5C-57A8-49AF-BB76-618380B744EB}.Release|Any CPU.ActiveCfg = Release|Any CPU
		{3F88BC5C-57A8-49AF-BB76-618380B744EB}.Release|Any CPU.Build.0 = Release|Any CPU
		{6A939058-477F-47F4-BC67-42A3BA22111C}.Debug|Any CPU.ActiveCfg = Debug|Any CPU
		{6A939058-477F-47F4-BC67-42A3BA22111C}.Debug|Any CPU.Build.0 = Debug|Any CPU
		{6A939058-477F-47F4-BC67-42A3BA22111C}.Release|Any CPU.ActiveCfg = Release|Any CPU
		{6A939058-477F-47F4-BC67-42A3BA22111C}.Release|Any CPU.Build.0 = Release|Any CPU
		{D79919F6-A480-43D9-81A5-F4D28E991754}.Debug|Any CPU.ActiveCfg = Debug|Any CPU
		{D79919F6-A480-43D9-81A5-F4D28E991754}.Debug|Any CPU.Build.0 = Debug|Any CPU
		{D79919F6-A480-43D9-81A5-F4D28E991754}.Release|Any CPU.ActiveCfg = Release|Any CPU
		{D79919F6-A480-43D9-81A5-F4D28E991754}.Release|Any CPU.Build.0 = Release|Any CPU
	EndGlobalSection
	GlobalSection(SolutionProperties) = preSolution
		HideSolutionNode = FALSE
	EndGlobalSection
	GlobalSection(ExtensibilityGlobals) = postSolution
		SolutionGuid = {972A59B6-8768-4AEB-8B1C-41C313F961D7}
	EndGlobalSection
EndGlobal
